Microsoft Visual Studio Solution File, Format Version 12.00
# Visual Studio Version 17
VisualStudioVersion = 17.5.2.0
MinimumVisualStudioVersion = 10.0.40219.1
Project("{FAE04EC0-301F-11D3-BF4B-00C04F79EFBC}") = "SpotlightCacheService", "SpotlightCacheService\SpotlightCacheService.csproj", "{190D9F61-7DE0-3A74-6C1E-7A164B90D656}"
EndProject
Global
	GlobalSection(SolutionConfigurationPlatforms) = preSolution
		Debug|Any CPU = Debug|Any CPU
		Release|Any CPU = Release|Any CPU
	EndGlobalSection
	GlobalSection(ProjectConfigurationPlatforms) = postSolution
		{190D9F61-7DE0-3A74-6C1E-7A164B90D656}.Debug|Any CPU.ActiveCfg = Debug|Any CPU
		{190D9F61-7DE0-3A74-6C1E-7A164B90D656}.Debug|Any CPU.Build.0 = Debug|Any CPU
		{190D9F61-7DE0-3A74-6C1E-7A164B90D656}.Release|Any CPU.ActiveCfg = Release|Any CPU
		{190D9F61-7DE0-3A74-6C1E-7A164B90D656}.Release|Any CPU.Build.0 = Release|Any CPU
	EndGlobalSection
	GlobalSection(SolutionProperties) = preSolution
		HideSolutionNode = FALSE
	EndGlobalSection
	GlobalSection(ExtensibilityGlobals) = postSolution
		SolutionGuid = {9E6325C6-6C86-4D24-95D6-7A911EE8A9A3}
	EndGlobalSection
EndGlobal
